
Microsoft Visual Studio Solution File, Format Version 12.00
# Visual Studio Version 17
VisualStudioVersion = 17.4.33205.214
MinimumVisualStudioVersion = 10.0.40219.1
Project("{9A19103F-16F7-4668-BE54-9A1E7A4F7556}") = "Carlton.Base.Infrastructure", "Carlton.Base.Infrastructure.csproj", "{BFC446F1-AB2E-4EF0-BC70-E0F687DC1FCC}"
EndProject
Global
	GlobalSection(SolutionConfigurationPlatforms) = preSolution
		Debug|Any CPU = Debug|Any CPU
		Release|Any CPU = Release|Any CPU
	EndGlobalSection
	GlobalSection(ProjectConfigurationPlatforms) = postSolution
		{BFC446F1-AB2E-4EF0-BC70-E0F687DC1FCC}.Debug|Any CPU.ActiveCfg = Debug|Any CPU
		{BFC446F1-AB2E-4EF0-BC70-E0F687DC1FCC}.Debug|Any CPU.Build.0 = Debug|Any CPU
		{BFC446F1-AB2E-4EF0-BC70-E0F687DC1FCC}.Release|Any CPU.ActiveCfg = Release|Any CPU
		{BFC446F1-AB2E-4EF0-BC70-E0F687DC1FCC}.Release|Any CPU.Build.0 = Release|Any CPU
	EndGlobalSection
	GlobalSection(SolutionProperties) = preSolution
		HideSolutionNode = FALSE
	EndGlobalSection
	GlobalSection(ExtensibilityGlobals) = postSolution
		SolutionGuid = {A1DF582E-8452-4F56-A319-59F9D6DBDB78}
	EndGlobalSection
EndGlobal
